// !$*UTF8*$!
{
	archiveVersion = 1;
	classes = {
	};
	objectVersion = 56;
	objects = {

/* Begin PBXBuildFile section */
		C003244B2AF4B1EF002EDC19 /* ShoppingListRxViewController.swift in Sources */ = {isa = PBXBuildFile; fileRef = C003244A2AF4B1EF002EDC19 /* ShoppingListRxViewController.swift */; };
		C003244D2AF4B225002EDC19 /* ShoppingListRxViewModel.swift in Sources */ = {isa = PBXBuildFile; fileRef = C003244C2AF4B225002EDC19 /* ShoppingListRxViewModel.swift */; };
		C00324502AF4B2A4002EDC19 /* SnapKit in Frameworks */ = {isa = PBXBuildFile; productRef = C003244F2AF4B2A4002EDC19 /* SnapKit */; };
		C00324522AF4B3BF002EDC19 /* ShoppingTableViewCell.swift in Sources */ = {isa = PBXBuildFile; fileRef = C00324512AF4B3BF002EDC19 /* ShoppingTableViewCell.swift */; };
		C016741E2AF3B05600373ADA /* SimpleTableRxViewModel.swift in Sources */ = {isa = PBXBuildFile; fileRef = C016741D2AF3B05600373ADA /* SimpleTableRxViewModel.swift */; };
		C01674212AF3B12E00373ADA /* SimplePickerRxViewModel.swift in Sources */ = {isa = PBXBuildFile; fileRef = C01674202AF3B12E00373ADA /* SimplePickerRxViewModel.swift */; };
		C01674242AF3B37600373ADA /* NumberViewRxVC.swift in Sources */ = {isa = PBXBuildFile; fileRef = C01674232AF3B37600373ADA /* NumberViewRxVC.swift */; };
		C01674262AF3B3B500373ADA /* NumberRxViewModel.swift in Sources */ = {isa = PBXBuildFile; fileRef = C01674252AF3B3B500373ADA /* NumberRxViewModel.swift */; };
		C01674292AF3B41400373ADA /* SimpleValidationVC.swift in Sources */ = {isa = PBXBuildFile; fileRef = C01674282AF3B41400373ADA /* SimpleValidationVC.swift */; };
		C016742B2AF3B42F00373ADA /* SimpleValidationViewModel.swift in Sources */ = {isa = PBXBuildFile; fileRef = C016742A2AF3B42F00373ADA /* SimpleValidationViewModel.swift */; };
		C05047282AF4EC16006B77EC /* DetailShoppingRxViewController.swift in Sources */ = {isa = PBXBuildFile; fileRef = C05047272AF4EC16006B77EC /* DetailShoppingRxViewController.swift */; };
		C050472A2AF4EC47006B77EC /* DetailShoppingRxViewModel.swift in Sources */ = {isa = PBXBuildFile; fileRef = C05047292AF4EC47006B77EC /* DetailShoppingRxViewModel.swift */; };
		C05E059B2AF155E0005E3E66 /* AppDelegate.swift in Sources */ = {isa = PBXBuildFile; fileRef = C05E059A2AF155E0005E3E66 /* AppDelegate.swift */; };
		C05E059D2AF155E0005E3E66 /* SceneDelegate.swift in Sources */ = {isa = PBXBuildFile; fileRef = C05E059C2AF155E0005E3E66 /* SceneDelegate.swift */; };
		C05E059F2AF155E0005E3E66 /* SimplePickerViewRXVC.swift in Sources */ = {isa = PBXBuildFile; fileRef = C05E059E2AF155E0005E3E66 /* SimplePickerViewRXVC.swift */; };
		C05E05A22AF155E0005E3E66 /* Main.storyboard in Resources */ = {isa = PBXBuildFile; fileRef = C05E05A02AF155E0005E3E66 /* Main.storyboard */; };
		C05E05A42AF155E1005E3E66 /* Assets.xcassets in Resources */ = {isa = PBXBuildFile; fileRef = C05E05A32AF155E1005E3E66 /* Assets.xcassets */; };
		C05E05A72AF155E1005E3E66 /* LaunchScreen.storyboard in Resources */ = {isa = PBXBuildFile; fileRef = C05E05A52AF155E1005E3E66 /* LaunchScreen.storyboard */; };
		C05E05B02AF1560F005E3E66 /* RxCocoa in Frameworks */ = {isa = PBXBuildFile; productRef = C05E05AF2AF1560F005E3E66 /* RxCocoa */; };
		C05E05B22AF1560F005E3E66 /* RxSwift in Frameworks */ = {isa = PBXBuildFile; productRef = C05E05B12AF1560F005E3E66 /* RxSwift */; };
		C05E05B42AF15718005E3E66 /* SimpleTableRXVC.swift in Sources */ = {isa = PBXBuildFile; fileRef = C05E05B32AF15718005E3E66 /* SimpleTableRXVC.swift */; };
/* End PBXBuildFile section */

/* Begin PBXFileReference section */
		C003244A2AF4B1EF002EDC19 /* ShoppingListRxViewController.swift */ = {isa = PBXFileReference; lastKnownFileType = sourcecode.swift; path = ShoppingListRxViewController.swift; sourceTree = "<group>"; };
		C003244C2AF4B225002EDC19 /* ShoppingListRxViewModel.swift */ = {isa = PBXFileReference; lastKnownFileType = sourcecode.swift; path = ShoppingListRxViewModel.swift; sourceTree = "<group>"; };
		C00324512AF4B3BF002EDC19 /* ShoppingTableViewCell.swift */ = {isa = PBXFileReference; lastKnownFileType = sourcecode.swift; path = ShoppingTableViewCell.swift; sourceTree = "<group>"; };
		C016741D2AF3B05600373ADA /* SimpleTableRxViewModel.swift */ = {isa = PBXFileReference; lastKnownFileType = sourcecode.swift; path = SimpleTableRxViewModel.swift; sourceTree = "<group>"; };
		C01674202AF3B12E00373ADA /* SimplePickerRxViewModel.swift */ = {isa = PBXFileReference; lastKnownFileType = sourcecode.swift; path = SimplePickerRxViewModel.swift; sourceTree = "<group>"; };
		C01674232AF3B37600373ADA /* NumberViewRxVC.swift */ = {isa = PBXFileReference; lastKnownFileType = sourcecode.swift; path = NumberViewRxVC.swift; sourceTree = "<group>"; };
		C01674252AF3B3B500373ADA /* NumberRxViewModel.swift */ = {isa = PBXFileReference; lastKnownFileType = sourcecode.swift; path = NumberRxViewModel.swift; sourceTree = "<group>"; };
		C01674282AF3B41400373ADA /* SimpleValidationVC.swift */ = {isa = PBXFileReference; lastKnownFileType = sourcecode.swift; path = SimpleValidationVC.swift; sourceTree = "<group>"; };
		C016742A2AF3B42F00373ADA /* SimpleValidationViewModel.swift */ = {isa = PBXFileReference; lastKnownFileType = sourcecode.swift; path = SimpleValidationViewModel.swift; sourceTree = "<group>"; };
		C05047272AF4EC16006B77EC /* DetailShoppingRxViewController.swift */ = {isa = PBXFileReference; lastKnownFileType = sourcecode.swift; path = DetailShoppingRxViewController.swift; sourceTree = "<group>"; };
		C05047292AF4EC47006B77EC /* DetailShoppingRxViewModel.swift */ = {isa = PBXFileReference; lastKnownFileType = sourcecode.swift; path = DetailShoppingRxViewModel.swift; sourceTree = "<group>"; };
		C05E05972AF155E0005E3E66 /* rx.app */ = {isa = PBXFileReference; explicitFileType = wrapper.application; includeInIndex = 0; path = rx.app; sourceTree = BUILT_PRODUCTS_DIR; };
		C05E059A2AF155E0005E3E66 /* AppDelegate.swift */ = {isa = PBXFileReference; lastKnownFileType = sourcecode.swift; path = AppDelegate.swift; sourceTree = "<group>"; };
		C05E059C2AF155E0005E3E66 /* SceneDelegate.swift */ = {isa = PBXFileReference; lastKnownFileType = sourcecode.swift; path = SceneDelegate.swift; sourceTree = "<group>"; };
		C05E059E2AF155E0005E3E66 /* SimplePickerViewRXVC.swift */ = {isa = PBXFileReference; lastKnownFileType = sourcecode.swift; path = SimplePickerViewRXVC.swift; sourceTree = "<group>"; };
		C05E05A12AF155E0005E3E66 /* Base */ = {isa = PBXFileReference; lastKnownFileType = file.storyboard; name = Base; path = Base.lproj/Main.storyboard; sourceTree = "<group>"; };
		C05E05A32AF155E1005E3E66 /* Assets.xcassets */ = {isa = PBXFileReference; lastKnownFileType = folder.assetcatalog; path = Assets.xcassets; sourceTree = "<group>"; };
		C05E05A62AF155E1005E3E66 /* Base */ = {isa = PBXFileReference; lastKnownFileType = file.storyboard; name = Base; path = Base.lproj/LaunchScreen.storyboard; sourceTree = "<group>"; };
		C05E05A82AF155E1005E3E66 /* Info.plist */ = {isa = PBXFileReference; lastKnownFileType = text.plist.xml; path = Info.plist; sourceTree = "<group>"; };
		C05E05B32AF15718005E3E66 /* SimpleTableRXVC.swift */ = {isa = PBXFileReference; lastKnownFileType = sourcecode.swift; path = SimpleTableRXVC.swift; sourceTree = "<group>"; };
/* End PBXFileReference section */

/* Begin PBXFrameworksBuildPhase section */
		C05E05942AF155E0005E3E66 /* Frameworks */ = {
			isa = PBXFrameworksBuildPhase;
			buildActionMask = 2147483647;
			files = (
				C00324502AF4B2A4002EDC19 /* SnapKit in Frameworks */,
				C05E05B22AF1560F005E3E66 /* RxSwift in Frameworks */,
				C05E05B02AF1560F005E3E66 /* RxCocoa in Frameworks */,
			);
			runOnlyForDeploymentPostprocessing = 0;
		};
/* End PBXFrameworksBuildPhase section */

/* Begin PBXGroup section */
		C00324492AF4B1CF002EDC19 /* 1103_Assginment */ = {
			isa = PBXGroup;
			children = (
				C00324542AF4EBB0002EDC19 /* ShoppingDetail */,
				C00324532AF4EBA2002EDC19 /* ShoppingMain */,
			);
			path = 1103_Assginment;
			sourceTree = "<group>";
		};
		C00324532AF4EBA2002EDC19 /* ShoppingMain */ = {
			isa = PBXGroup;
			children = (
				C003244A2AF4B1EF002EDC19 /* ShoppingListRxViewController.swift */,
				C003244C2AF4B225002EDC19 /* ShoppingListRxViewModel.swift */,
				C00324512AF4B3BF002EDC19 /* ShoppingTableViewCell.swift */,
			);
			path = ShoppingMain;
			sourceTree = "<group>";
		};
		C00324542AF4EBB0002EDC19 /* ShoppingDetail */ = {
			isa = PBXGroup;
			children = (
				C05047272AF4EC16006B77EC /* DetailShoppingRxViewController.swift */,
				C05047292AF4EC47006B77EC /* DetailShoppingRxViewModel.swift */,
			);
			path = ShoppingDetail;
			sourceTree = "<group>";
		};
		C016741C2AF3B03C00373ADA /* SimpleTableRx */ = {
			isa = PBXGroup;
			children = (
				C05E05B32AF15718005E3E66 /* SimpleTableRXVC.swift */,
				C016741D2AF3B05600373ADA /* SimpleTableRxViewModel.swift */,
			);
			path = SimpleTableRx;
			sourceTree = "<group>";
		};
		C016741F2AF3B11700373ADA /* SimplePickerRx */ = {
			isa = PBXGroup;
			children = (
				C05E059E2AF155E0005E3E66 /* SimplePickerViewRXVC.swift */,
				C01674202AF3B12E00373ADA /* SimplePickerRxViewModel.swift */,
			);
			path = SimplePickerRx;
			sourceTree = "<group>";
		};
		C01674222AF3B35C00373ADA /* NumberRx */ = {
			isa = PBXGroup;
			children = (
				C01674232AF3B37600373ADA /* NumberViewRxVC.swift */,
				C01674252AF3B3B500373ADA /* NumberRxViewModel.swift */,
			);
			path = NumberRx;
			sourceTree = "<group>";
		};
		C01674272AF3B3F800373ADA /* SimpleValidationRx */ = {
			isa = PBXGroup;
			children = (
				C01674282AF3B41400373ADA /* SimpleValidationVC.swift */,
				C016742A2AF3B42F00373ADA /* SimpleValidationViewModel.swift */,
			);
			path = SimpleValidationRx;
			sourceTree = "<group>";
		};
		C05E058E2AF155E0005E3E66 = {
			isa = PBXGroup;
			children = (
				C05E05992AF155E0005E3E66 /* rx */,
				C05E05982AF155E0005E3E66 /* Products */,
			);
			sourceTree = "<group>";
		};
		C05E05982AF155E0005E3E66 /* Products */ = {
			isa = PBXGroup;
			children = (
				C05E05972AF155E0005E3E66 /* rx.app */,
			);
			name = Products;
			sourceTree = "<group>";
		};
		C05E05992AF155E0005E3E66 /* rx */ = {
			isa = PBXGroup;
			children = (
				C00324492AF4B1CF002EDC19 /* 1103_Assginment */,
				C01674272AF3B3F800373ADA /* SimpleValidationRx */,
				C01674222AF3B35C00373ADA /* NumberRx */,
				C016741F2AF3B11700373ADA /* SimplePickerRx */,
				C016741C2AF3B03C00373ADA /* SimpleTableRx */,
				C05E059A2AF155E0005E3E66 /* AppDelegate.swift */,
				C05E059C2AF155E0005E3E66 /* SceneDelegate.swift */,
				C05E05A02AF155E0005E3E66 /* Main.storyboard */,
				C05E05A32AF155E1005E3E66 /* Assets.xcassets */,
				C05E05A52AF155E1005E3E66 /* LaunchScreen.storyboard */,
				C05E05A82AF155E1005E3E66 /* Info.plist */,
			);
			path = rx;
			sourceTree = "<group>";
		};
/* End PBXGroup section */

/* Begin PBXNativeTarget section */
		C05E05962AF155E0005E3E66 /* rx */ = {
			isa = PBXNativeTarget;
			buildConfigurationList = C05E05AB2AF155E1005E3E66 /* Build configuration list for PBXNativeTarget "rx" */;
			buildPhases = (
				C05E05932AF155E0005E3E66 /* Sources */,
				C05E05942AF155E0005E3E66 /* Frameworks */,
				C05E05952AF155E0005E3E66 /* Resources */,
			);
			buildRules = (
			);
			dependencies = (
			);
			name = rx;
			packageProductDependencies = (
				C05E05AF2AF1560F005E3E66 /* RxCocoa */,
				C05E05B12AF1560F005E3E66 /* RxSwift */,
				C003244F2AF4B2A4002EDC19 /* SnapKit */,
			);
			productName = rx;
			productReference = C05E05972AF155E0005E3E66 /* rx.app */;
			productType = "com.apple.product-type.application";
		};
/* End PBXNativeTarget section */

/* Begin PBXProject section */
		C05E058F2AF155E0005E3E66 /* Project object */ = {
			isa = PBXProject;
			attributes = {
				BuildIndependentTargetsInParallel = 1;
				LastSwiftUpdateCheck = 1500;
				LastUpgradeCheck = 1500;
				TargetAttributes = {
					C05E05962AF155E0005E3E66 = {
						CreatedOnToolsVersion = 15.0;
					};
				};
			};
			buildConfigurationList = C05E05922AF155E0005E3E66 /* Build configuration list for PBXProject "rx" */;
			compatibilityVersion = "Xcode 14.0";
			developmentRegion = en;
			hasScannedForEncodings = 0;
			knownRegions = (
				en,
				Base,
			);
			mainGroup = C05E058E2AF155E0005E3E66;
			packageReferences = (
				C05E05AE2AF1560F005E3E66 /* XCRemoteSwiftPackageReference "RxSwift" */,
				C003244E2AF4B2A4002EDC19 /* XCRemoteSwiftPackageReference "SnapKit" */,
			);
			productRefGroup = C05E05982AF155E0005E3E66 /* Products */;
			projectDirPath = "";
			projectRoot = "";
			targets = (
				C05E05962AF155E0005E3E66 /* rx */,
			);
		};
/* End PBXProject section */

/* Begin PBXResourcesBuildPhase section */
		C05E05952AF155E0005E3E66 /* Resources */ = {
			isa = PBXResourcesBuildPhase;
			buildActionMask = 2147483647;
			files = (
				C05E05A72AF155E1005E3E66 /* LaunchScreen.storyboard in Resources */,
				C05E05A42AF155E1005E3E66 /* Assets.xcassets in Resources */,
				C05E05A22AF155E0005E3E66 /* Main.storyboard in Resources */,
			);
			runOnlyForDeploymentPostprocessing = 0;
		};
/* End PBXResourcesBuildPhase section */

/* Begin PBXSourcesBuildPhase section */
		C05E05932AF155E0005E3E66 /* Sources */ = {
			isa = PBXSourcesBuildPhase;
			buildActionMask = 2147483647;
			files = (
				C05E059F2AF155E0005E3E66 /* SimplePickerViewRXVC.swift in Sources */,
				C01674292AF3B41400373ADA /* SimpleValidationVC.swift in Sources */,
				C00324522AF4B3BF002EDC19 /* ShoppingTableViewCell.swift in Sources */,
				C003244B2AF4B1EF002EDC19 /* ShoppingListRxViewController.swift in Sources */,
				C050472A2AF4EC47006B77EC /* DetailShoppingRxViewModel.swift in Sources */,
				C01674262AF3B3B500373ADA /* NumberRxViewModel.swift in Sources */,
				C05E05B42AF15718005E3E66 /* SimpleTableRXVC.swift in Sources */,
				C05E059B2AF155E0005E3E66 /* AppDelegate.swift in Sources */,
				C003244D2AF4B225002EDC19 /* ShoppingListRxViewModel.swift in Sources */,
				C01674242AF3B37600373ADA /* NumberViewRxVC.swift in Sources */,
				C05E059D2AF155E0005E3E66 /* SceneDelegate.swift in Sources */,
				C01674212AF3B12E00373ADA /* SimplePickerRxViewModel.swift in Sources */,
				C05047282AF4EC16006B77EC /* DetailShoppingRxViewController.swift in Sources */,
				C016741E2AF3B05600373ADA /* SimpleTableRxViewModel.swift in Sources */,
				C016742B2AF3B42F00373ADA /* SimpleValidationViewModel.swift in Sources */,
			);
			runOnlyForDeploymentPostprocessing = 0;
		};
/* End PBXSourcesBuildPhase section */

/* Begin PBXVariantGroup section */
		C05E05A02AF155E0005E3E66 /* Main.storyboard */ = {
			isa = PBXVariantGroup;
			children = (
				C05E05A12AF155E0005E3E66 /* Base */,
			);
			name = Main.storyboard;
			sourceTree = "<group>";
		};
		C05E05A52AF155E1005E3E66 /* LaunchScreen.storyboard */ = {
			isa = PBXVariantGroup;
			children = (
				C05E05A62AF155E1005E3E66 /* Base */,
			);
			name = LaunchScreen.storyboard;
			sourceTree = "<group>";
		};
/* End PBXVariantGroup section */

/* Begin XCBuildConfiguration section */
		C05E05A92AF155E1005E3E66 /* Debug */ = {
			isa = XCBuildConfiguration;
			buildSettings = {
				ALWAYS_SEARCH_USER_PATHS = NO;
				ASSETCATALOG_COMPILER_GENERATE_SWIFT_ASSET_SYMBOL_EXTENSIONS = YES;
				CLANG_ANALYZER_NONNULL = YES;
				CLANG_ANALYZER_NUMBER_OBJECT_CONVERSION = YES_AGGRESSIVE;
				CLANG_CXX_LANGUAGE_STANDARD = "gnu++20";
				CLANG_ENABLE_MODULES = YES;
				CLANG_ENABLE_OBJC_ARC = YES;
				CLANG_ENABLE_OBJC_WEAK = YES;
				CLANG_WARN_BLOCK_CAPTURE_AUTORELEASING = YES;
				CLANG_WARN_BOOL_CONVERSION = YES;
				CLANG_WARN_COMMA = YES;
				CLANG_WARN_CONSTANT_CONVERSION = YES;
				CLANG_WARN_DEPRECATED_OBJC_IMPLEMENTATIONS = YES;
				CLANG_WARN_DIRECT_OBJC_ISA_USAGE = YES_ERROR;
				CLANG_WARN_DOCUMENTATION_COMMENTS = YES;
				CLANG_WARN_EMPTY_BODY = YES;
				CLANG_WARN_ENUM_CONVERSION = YES;
				CLANG_WARN_INFINITE_RECURSION = YES;
				CLANG_WARN_INT_CONVERSION = YES;
				CLANG_WARN_NON_LITERAL_NULL_CONVERSION = YES;
				CLANG_WARN_OBJC_IMPLICIT_RETAIN_SELF = YES;
				CLANG_WARN_OBJC_LITERAL_CONVERSION = YES;
				CLANG_WARN_OBJC_ROOT_CLASS = YES_ERROR;
				CLANG_WARN_QUOTED_INCLUDE_IN_FRAMEWORK_HEADER = YES;
				CLANG_WARN_RANGE_LOOP_ANALYSIS = YES;
				CLANG_WARN_STRICT_PROTOTYPES = YES;
				CLANG_WARN_SUSPICIOUS_MOVE = YES;
				CLANG_WARN_UNGUARDED_AVAILABILITY = YES_AGGRESSIVE;
				CLANG_WARN_UNREACHABLE_CODE = YES;
				CLANG_WARN__DUPLICATE_METHOD_MATCH = YES;
				COPY_PHASE_STRIP = NO;
				DEBUG_INFORMATION_FORMAT = dwarf;
				ENABLE_STRICT_OBJC_MSGSEND = YES;
				ENABLE_TESTABILITY = YES;
				ENABLE_USER_SCRIPT_SANDBOXING = YES;
				GCC_C_LANGUAGE_STANDARD = gnu17;
				GCC_DYNAMIC_NO_PIC = NO;
				GCC_NO_COMMON_BLOCKS = YES;
				GCC_OPTIMIZATION_LEVEL = 0;
				GCC_PREPROCESSOR_DEFINITIONS = (
					"DEBUG=1",
					"$(inherited)",
				);
				GCC_WARN_64_TO_32_BIT_CONVERSION = YES;
				GCC_WARN_ABOUT_RETURN_TYPE = YES_ERROR;
				GCC_WARN_UNDECLARED_SELECTOR = YES;
				GCC_WARN_UNINITIALIZED_AUTOS = YES_AGGRESSIVE;
				GCC_WARN_UNUSED_FUNCTION = YES;
				GCC_WARN_UNUSED_VARIABLE = YES;
				IPHONEOS_DEPLOYMENT_TARGET = 17.0;
				LOCALIZATION_PREFERS_STRING_CATALOGS = YES;
				MTL_ENABLE_DEBUG_INFO = INCLUDE_SOURCE;
				MTL_FAST_MATH = YES;
				ONLY_ACTIVE_ARCH = YES;
				SDKROOT = iphoneos;
				SWIFT_ACTIVE_COMPILATION_CONDITIONS = "DEBUG $(inherited)";
				SWIFT_OPTIMIZATION_LEVEL = "-Onone";
			};
			name = Debug;
		};
		C05E05AA2AF155E1005E3E66 /* Release */ = {
			isa = XCBuildConfiguration;
			buildSettings = {
				ALWAYS_SEARCH_USER_PATHS = NO;
				ASSETCATALOG_COMPILER_GENERATE_SWIFT_ASSET_SYMBOL_EXTENSIONS = YES;
				CLANG_ANALYZER_NONNULL = YES;
				CLANG_ANALYZER_NUMBER_OBJECT_CONVERSION = YES_AGGRESSIVE;
				CLANG_CXX_LANGUAGE_STANDARD = "gnu++20";
				CLANG_ENABLE_MODULES = YES;
				CLANG_ENABLE_OBJC_ARC = YES;
				CLANG_ENABLE_OBJC_WEAK = YES;
				CLANG_WARN_BLOCK_CAPTURE_AUTORELEASING = YES;
				CLANG_WARN_BOOL_CONVERSION = YES;
				CLANG_WARN_COMMA = YES;
				CLANG_WARN_CONSTANT_CONVERSION = YES;
				CLANG_WARN_DEPRECATED_OBJC_IMPLEMENTATIONS = YES;
				CLANG_WARN_DIRECT_OBJC_ISA_USAGE = YES_ERROR;
				CLANG_WARN_DOCUMENTATION_COMMENTS = YES;
				CLANG_WARN_EMPTY_BODY = YES;
				CLANG_WARN_ENUM_CONVERSION = YES;
				CLANG_WARN_INFINITE_RECURSION = YES;
				CLANG_WARN_INT_CONVERSION = YES;
				CLANG_WARN_NON_LITERAL_NULL_CONVERSION = YES;
				CLANG_WARN_OBJC_IMPLICIT_RETAIN_SELF = YES;
				CLANG_WARN_OBJC_LITERAL_CONVERSION = YES;
				CLANG_WARN_OBJC_ROOT_CLASS = YES_ERROR;
				CLANG_WARN_QUOTED_INCLUDE_IN_FRAMEWORK_HEADER = YES;
				CLANG_WARN_RANGE_LOOP_ANALYSIS = YES;
				CLANG_WARN_STRICT_PROTOTYPES = YES;
				CLANG_WARN_SUSPICIOUS_MOVE = YES;
				CLANG_WARN_UNGUARDED_AVAILABILITY = YES_AGGRESSIVE;
				CLANG_WARN_UNREACHABLE_CODE = YES;
				CLANG_WARN__DUPLICATE_METHOD_MATCH = YES;
				COPY_PHASE_STRIP = NO;
				DEBUG_INFORMATION_FORMAT = "dwarf-with-dsym";
				ENABLE_NS_ASSERTIONS = NO;
				ENABLE_STRICT_OBJC_MSGSEND = YES;
				ENABLE_USER_SCRIPT_SANDBOXING = YES;
				GCC_C_LANGUAGE_STANDARD = gnu17;
				GCC_NO_COMMON_BLOCKS = YES;
				GCC_WARN_64_TO_32_BIT_CONVERSION = YES;
				GCC_WARN_ABOUT_RETURN_TYPE = YES_ERROR;
				GCC_WARN_UNDECLARED_SELECTOR = YES;
				GCC_WARN_UNINITIALIZED_AUTOS = YES_AGGRESSIVE;
				GCC_WARN_UNUSED_FUNCTION = YES;
				GCC_WARN_UNUSED_VARIABLE = YES;
				IPHONEOS_DEPLOYMENT_TARGET = 17.0;
				LOCALIZATION_PREFERS_STRING_CATALOGS = YES;
				MTL_ENABLE_DEBUG_INFO = NO;
				MTL_FAST_MATH = YES;
				SDKROOT = iphoneos;
				SWIFT_COMPILATION_MODE = wholemodule;
				VALIDATE_PRODUCT = YES;
			};
			name = Release;
		};
		C05E05AC2AF155E1005E3E66 /* Debug */ = {
			isa = XCBuildConfiguration;
			buildSettings = {
				ASSETCATALOG_COMPILER_APPICON_NAME = AppIcon;
				ASSETCATALOG_COMPILER_GLOBAL_ACCENT_COLOR_NAME = AccentColor;
				CODE_SIGN_STYLE = Automatic;
				CURRENT_PROJECT_VERSION = 1;
				DEVELOPMENT_TEAM = SV3K237PCX;
				GENERATE_INFOPLIST_FILE = YES;
				INFOPLIST_FILE = rx/Info.plist;
				INFOPLIST_KEY_UIApplicationSupportsIndirectInputEvents = YES;
				INFOPLIST_KEY_UILaunchStoryboardName = LaunchScreen;
				INFOPLIST_KEY_UIMainStoryboardFile = Main;
				INFOPLIST_KEY_UISupportedInterfaceOrientations_iPad = "UIInterfaceOrientationPortrait UIInterfaceOrientationPortraitUpsideDown UIInterfaceOrientationLandscapeLeft UIInterfaceOrientationLandscapeRight";
				INFOPLIST_KEY_UISupportedInterfaceOrientations_iPhone = "UIInterfaceOrientationPortrait UIInterfaceOrientationLandscapeLeft UIInterfaceOrientationLandscapeRight";
				LD_RUNPATH_SEARCH_PATHS = (
					"$(inherited)",
					"@executable_path/Frameworks",
				);
				MARKETING_VERSION = 1.0;
				PRODUCT_BUNDLE_IDENTIFIER = com.comet.rx;
				PRODUCT_NAME = "$(TARGET_NAME)";
				SWIFT_EMIT_LOC_STRINGS = YES;
				SWIFT_VERSION = 5.0;
				TARGETED_DEVICE_FAMILY = "1,2";
			};
			name = Debug;
		};
		C05E05AD2AF155E1005E3E66 /* Release */ = {
			isa = XCBuildConfiguration;
			buildSettings = {
				ASSETCATALOG_COMPILER_APPICON_NAME = AppIcon;
				ASSETCATALOG_COMPILER_GLOBAL_ACCENT_COLOR_NAME = AccentColor;
				CODE_SIGN_STYLE = Automatic;
				CURRENT_PROJECT_VERSION = 1;
				DEVELOPMENT_TEAM = SV3K237PCX;
				GENERATE_INFOPLIST_FILE = YES;
				INFOPLIST_FILE = rx/Info.plist;
				INFOPLIST_KEY_UIApplicationSupportsIndirectInputEvents = YES;
				INFOPLIST_KEY_UILaunchStoryboardName = LaunchScreen;
				INFOPLIST_KEY_UIMainStoryboardFile = Main;
				INFOPLIST_KEY_UISupportedInterfaceOrientations_iPad = "UIInterfaceOrientationPortrait UIInterfaceOrientationPortraitUpsideDown UIInterfaceOrientationLandscapeLeft UIInterfaceOrientationLandscapeRight";
				INFOPLIST_KEY_UISupportedInterfaceOrientations_iPhone = "UIInterfaceOrientationPortrait UIInterfaceOrientationLandscapeLeft UIInterfaceOrientationLandscapeRight";
				LD_RUNPATH_SEARCH_PATHS = (
					"$(inherited)",
					"@executable_path/Frameworks",
				);
				MARKETING_VERSION = 1.0;
				PRODUCT_BUNDLE_IDENTIFIER = com.comet.rx;
				PRODUCT_NAME = "$(TARGET_NAME)";
				SWIFT_EMIT_LOC_STRINGS = YES;
				SWIFT_VERSION = 5.0;
				TARGETED_DEVICE_FAMILY = "1,2";
			};
			name = Release;
		};
/* End XCBuildConfiguration section */

/* Begin XCConfigurationList section */
		C05E05922AF155E0005E3E66 /* Build configuration list for PBXProject "rx" */ = {
			isa = XCConfigurationList;
			buildConfigurations = (
				C05E05A92AF155E1005E3E66 /* Debug */,
				C05E05AA2AF155E1005E3E66 /* Release */,
			);
			defaultConfigurationIsVisible = 0;
			defaultConfigurationName = Release;
		};
		C05E05AB2AF155E1005E3E66 /* Build configuration list for PBXNativeTarget "rx" */ = {
			isa = XCConfigurationList;
			buildConfigurations = (
				C05E05AC2AF155E1005E3E66 /* Debug */,
				C05E05AD2AF155E1005E3E66 /* Release */,
			);
			defaultConfigurationIsVisible = 0;
			defaultConfigurationName = Release;
		};
/* End XCConfigurationList section */

/* Begin XCRemoteSwiftPackageReference section */
		C003244E2AF4B2A4002EDC19 /* XCRemoteSwiftPackageReference "SnapKit" */ = {
			isa = XCRemoteSwiftPackageReference;
			repositoryURL = "https://github.com/SnapKit/SnapKit";
			requirement = {
				kind = upToNextMajorVersion;
				minimumVersion = 5.6.0;
			};
		};
		C05E05AE2AF1560F005E3E66 /* XCRemoteSwiftPackageReference "RxSwift" */ = {
			isa = XCRemoteSwiftPackageReference;
			repositoryURL = "https://github.com/ReactiveX/RxSwift";
			requirement = {
				kind = upToNextMajorVersion;
				minimumVersion = 6.6.0;
			};
		};
/* End XCRemoteSwiftPackageReference section */

/* Begin XCSwiftPackageProductDependency section */
		C003244F2AF4B2A4002EDC19 /* SnapKit */ = {
			isa = XCSwiftPackageProductDependency;
			package = C003244E2AF4B2A4002EDC19 /* XCRemoteSwiftPackageReference "SnapKit" */;
			productName = SnapKit;
		};
		C05E05AF2AF1560F005E3E66 /* RxCocoa */ = {
			isa = XCSwiftPackageProductDependency;
			package = C05E05AE2AF1560F005E3E66 /* XCRemoteSwiftPackageReference "RxSwift" */;
			productName = RxCocoa;
		};
		C05E05B12AF1560F005E3E66 /* RxSwift */ = {
			isa = XCSwiftPackageProductDependency;
			package = C05E05AE2AF1560F005E3E66 /* XCRemoteSwiftPackageReference "RxSwift" */;
			productName = RxSwift;
		};
/* End XCSwiftPackageProductDependency section */
	};
	rootObject = C05E058F2AF155E0005E3E66 /* Project object */;
}
